
Microsoft Visual Studio Solution File, Format Version 12.00
# Visual Studio Version 16
VisualStudioVersion = 16.0.30517.126
MinimumVisualStudioVersion = 10.0.40219.1
Project("{9A19103F-16F7-4668-BE54-9A1E7A4F7556}") = "explicitlyImplement", "explicitlyImplement\explicitlyImplement.csproj", "{099F292C-0E79-4972-812D-BC6B305E2664}"
EndProject
Project("{9A19103F-16F7-4668-BE54-9A1E7A4F7556}") = "GenericIEnumerable", "CustomerIEnumerable\GenericIEnumerable.csproj", "{C9C5843A-3F47-478C-BD85-E8C850601581}"
EndProject
Project("{FAE04EC0-301F-11D3-BF4B-00C04F79EFBC}") = "IEnumerable", "GenericIEnumerable\IEnumerable.csproj", "{A47F6528-2F34-4320-A317-355F0F491CA1}"
EndProject
Global
	GlobalSection(SolutionConfigurationPlatforms) = preSolution
		Debug|Any CPU = Debug|Any CPU
		Release|Any CPU = Release|Any CPU
	EndGlobalSection
	GlobalSection(ProjectConfigurationPlatforms) = postSolution
		{099F292C-0E79-4972-812D-BC6B305E2664}.Debug|Any CPU.ActiveCfg = Debug|Any CPU
		{099F292C-0E79-4972-812D-BC6B305E2664}.Debug|Any CPU.Build.0 = Debug|Any CPU
		{099F292C-0E79-4972-812D-BC6B305E2664}.Release|Any CPU.ActiveCfg = Release|Any CPU
		{099F292C-0E79-4972-812D-BC6B305E2664}.Release|Any CPU.Build.0 = Release|Any CPU
		{C9C5843A-3F47-478C-BD85-E8C850601581}.Debug|Any CPU.ActiveCfg = Debug|Any CPU
		{C9C5843A-3F47-478C-BD85-E8C850601581}.Debug|Any CPU.Build.0 = Debug|Any CPU
		{C9C5843A-3F47-478C-BD85-E8C850601581}.Release|Any CPU.ActiveCfg = Release|Any CPU
		{C9C5843A-3F47-478C-BD85-E8C850601581}.Release|Any CPU.Build.0 = Release|Any CPU
		{A47F6528-2F34-4320-A317-355F0F491CA1}.Debug|Any CPU.ActiveCfg = Debug|Any CPU
		{A47F6528-2F34-4320-A317-355F0F491CA1}.Debug|Any CPU.Build.0 = Debug|Any CPU
		{A47F6528-2F34-4320-A317-355F0F491CA1}.Release|Any CPU.ActiveCfg = Release|Any CPU
		{A47F6528-2F34-4320-A317-355F0F491CA1}.Release|Any CPU.Build.0 = Release|Any CPU
	EndGlobalSection
	GlobalSection(SolutionProperties) = preSolution
		HideSolutionNode = FALSE
	EndGlobalSection
	GlobalSection(ExtensibilityGlobals) = postSolution
		SolutionGuid = {B2392EB3-8ACD-437A-966C-2F2199216FD9}
	EndGlobalSection
EndGlobal
